
Microsoft Visual Studio Solution File, Format Version 12.00
# Visual Studio Version 17
VisualStudioVersion = 17.2.32616.157
MinimumVisualStudioVersion = 10.0.40219.1
Project("{FAE04EC0-301F-11D3-BF4B-00C04F79EFBC}") = "MiPrimeraAPI", "MiPrimeraAPI\MiPrimeraAPI.csproj", "{8749EF2F-8D43-4EB1-BE9B-1C578C1BDE33}"
EndProject
Global
	GlobalSection(SolutionConfigurationPlatforms) = preSolution
		Debug|Any CPU = Debug|Any CPU
		Release|Any CPU = Release|Any CPU
	EndGlobalSection
	GlobalSection(ProjectConfigurationPlatforms) = postSolution
		{8749EF2F-8D43-4EB1-BE9B-1C578C1BDE33}.Debug|Any CPU.ActiveCfg = Debug|Any CPU
		{8749EF2F-8D43-4EB1-BE9B-1C578C1BDE33}.Debug|Any CPU.Build.0 = Debug|Any CPU
		{8749EF2F-8D43-4EB1-BE9B-1C578C1BDE33}.Release|Any CPU.ActiveCfg = Release|Any CPU
		{8749EF2F-8D43-4EB1-BE9B-1C578C1BDE33}.Release|Any CPU.Build.0 = Release|Any CPU
	EndGlobalSection
	GlobalSection(SolutionProperties) = preSolution
		HideSolutionNode = FALSE
	EndGlobalSection
	GlobalSection(ExtensibilityGlobals) = postSolution
		SolutionGuid = {D8B32121-D317-4923-9A8D-79B7B1DFD4F4}
	EndGlobalSection
EndGlobal
