
Microsoft Visual Studio Solution File, Format Version 12.00
# Visual Studio Version 17
VisualStudioVersion = 17.2.32616.157
MinimumVisualStudioVersion = 10.0.40219.1
Project("{9A19103F-16F7-4668-BE54-9A1E7A4F7556}") = "MiPrimeraAPI", "MiPrimeraAPI\MiPrimeraAPI.csproj", "{04D752CF-2B43-4B12-830B-F4735F1E3372}"
EndProject
Global
	GlobalSection(SolutionConfigurationPlatforms) = preSolution
		Debug|Any CPU = Debug|Any CPU
		Release|Any CPU = Release|Any CPU
	EndGlobalSection
	GlobalSection(ProjectConfigurationPlatforms) = postSolution
		{04D752CF-2B43-4B12-830B-F4735F1E3372}.Debug|Any CPU.ActiveCfg = Debug|Any CPU
		{04D752CF-2B43-4B12-830B-F4735F1E3372}.Debug|Any CPU.Build.0 = Debug|Any CPU
		{04D752CF-2B43-4B12-830B-F4735F1E3372}.Release|Any CPU.ActiveCfg = Release|Any CPU
		{04D752CF-2B43-4B12-830B-F4735F1E3372}.Release|Any CPU.Build.0 = Release|Any CPU
	EndGlobalSection
	GlobalSection(SolutionProperties) = preSolution
		HideSolutionNode = FALSE
	EndGlobalSection
	GlobalSection(ExtensibilityGlobals) = postSolution
		SolutionGuid = {F5C00CAE-6BD2-4561-8F1C-98C4E7A544D1}
	EndGlobalSection
EndGlobal
